{
  "version": 4,
  "terraform_version": "1.1.8",
  "serial": 15,
  "lineage": "88e520cb-a1b9-4b2a-d3e6-cf88468849b6",
  "outputs": {},
  "resources": [
    {
      "mode": "managed",
      "type": "local_file",
      "name": "inventory",
      "provider": "provider[\"registry.terraform.io/hashicorp/local\"]",
      "instances": [
        {
          "schema_version": 0,
          "attributes": {
            "content": "all:\n  vars:\n    ansible_ssh_private_key_file: /home/shreyas/BP/BigPicture-Deployment/haproxy/07-vm\n  hosts:\n    haproxy:\n      ansible_host: 185.189.28.7\n      ansible_ssh_common_args: -o UserKnownHostsFile=/dev/null -o StrictHostKeyChecking=no\n      ansible_user: ubuntu\n",
            "content_base64": null,
            "directory_permission": "0777",
            "file_permission": "660",
            "filename": "inventory",
            "id": "2b4b1d15bd69d40a0c6277b7023bf9650aef01b9",
            "sensitive_content": null,
            "source": null
          },
          "sensitive_attributes": [],
          "private": "bnVsbA==",
          "dependencies": [
            "openstack_compute_instance_v2.haproxy"
          ]
        }
      ]
    },
    {
      "mode": "managed",
      "type": "local_file",
      "name": "signed-cert",
      "provider": "provider[\"registry.terraform.io/hashicorp/local\"]",
      "instances": [
        {
          "schema_version": 0,
          "attributes": {
            "content": "ssh-rsa-cert-v01@openssh.com AAAAHHNzaC1yc2EtY2VydC12MDFAb3BlbnNzaC5jb20AAAAgBVzRAwYuuGAKNpI+UKbMxyQMlh2MMtuEd5Xv/6wyCtUAAAADAQABAAABgQChrK+mAnUX/eP97YE0J2WkXSFroGyQq0wer9rzMMw2Sgsx5dIsIv45HWT6qpu2h7LR2Axtd+BPkCKpSZh9C2np1TeU2r8jZTOeiaBFRGEp8wipZBXw41+BxxvWX+Cd6AOJvxksoHgO7QQ1x0mOZZEDVLtszSb/cHJ1YZrLJg152QcG9v8ns5GmnxwzmIHyu0361fEpSWj9IaKNEmmt0S77AK1gF8aTQcrBqjzIoF2mMjCw2Bddtn3YdOqzMiuyL2yJwN+MhkHeyyNCE6M+hUEOobMoPyLgSJN+xWfWrqOpNkj+lx+EH1wbjG7YXgSJZ6lqtL8EZvQfmLY6P9JySYgumTRJ2DU0UDkj35GdRoQCpF6Tz6icvp5rwaS6o+5Rbx0hBFOgdpSII92Niwj+fr23nymB8betzOcGHbOjIzmQgxO6PN1RWoWnbcrP+ehFMoNhDPPgt33G40zoJPIfKwO8orq+ndf90Y4vpdXtU4qx581pzZ7yV2SstefdzLVeyc82H5dHhTEYnQAAAAEAAABWdmF1bHQtdG9rZW4tdGVycmFmb3JtLTAyNjVkMWJmYzllMTY2YzZjZTA1NDkxNTcyZDk2YTRmYTg4YTZkMWU4NTk3ZDI0MmJiZjc0N2IwZWFjYjEzMTQAAAAKAAAABnVidW50dQAAAABih5HkAAAAAGKHoBIAAAAAAAAAMAAAABZwZXJtaXQtcG9ydC1mb3J3YXJkaW5nAAAAAAAAAApwZXJtaXQtcHR5AAAAAAAAAAAAAAAzAAAAC3NzaC1lZDI1NTE5AAAAIBhrur6ttrQrxpEDv65u4oInPXukY3IFnCUWpF/HvcdOAAAAUwAAAAtzc2gtZWQyNTUxOQAAAEDNvhjMLVdEcDBJr20N3xs21Q/Org4uxgarouQBFX4MlrxV1um/tvbj9IsMJYzPB4FkohztNdlFHIRABf3/V4wK\n",
            "content_base64": null,
            "directory_permission": "0777",
            "file_permission": "660",
            "filename": "/home/shreyas/BP/BigPicture-Deployment/haproxy/07-vm-cert.pub",
            "id": "98af3b93ee76582f46981c94b05f02951297c7e4",
            "sensitive_content": null,
            "source": null
          },
          "sensitive_attributes": [],
          "private": "bnVsbA==",
          "dependencies": [
            "time_rotating.rsa1",
            "vault_generic_endpoint.ssh-cert"
          ]
        }
      ]
    },
    {
      "mode": "managed",
      "type": "null_resource",
      "name": "check_ssh_connection",
      "provider": "provider[\"registry.terraform.io/hashicorp/null\"]",
      "instances": [
        {
          "schema_version": 0,
          "attributes": {
            "id": "3006869027186160913",
            "triggers": null
          },
          "sensitive_attributes": [],
          "private": "bnVsbA==",
          "dependencies": [
            "local_file.inventory",
            "local_file.signed-cert",
            "openstack_compute_instance_v2.haproxy",
            "random_password.password",
            "time_rotating.rsa1",
            "vault_generic_endpoint.ssh-cert"
          ]
        }
      ]
    },
    {
      "mode": "managed",
      "type": "null_resource",
      "name": "git-hook",
      "provider": "provider[\"registry.terraform.io/hashicorp/null\"]",
      "instances": [
        {
          "schema_version": 0,
          "attributes": {
            "id": "358241905407809575",
            "triggers": null
          },
          "sensitive_attributes": [],
          "private": "bnVsbA=="
        }
      ]
    },
    {
      "mode": "managed",
      "type": "openstack_compute_instance_v2",
      "name": "haproxy",
      "provider": "provider[\"registry.terraform.io/terraform-provider-openstack/openstack\"]",
      "instances": [
        {
          "schema_version": 0,
          "attributes": {
            "access_ip_v4": "185.189.28.7",
            "access_ip_v6": "[2a0a:bcc0:40::469]",
            "admin_pass": null,
            "all_metadata": {},
            "all_tags": [],
            "availability_zone": "nova",
            "availability_zone_hints": null,
            "block_device": [],
            "config_drive": true,
            "flavor_id": "0551eaa7-fa02-4e18-b69d-2999d52b6029",
            "flavor_name": "l2.c2r4.100",
            "floating_ip": null,
            "force_delete": false,
            "id": "c137d04a-07c3-4999-8d62-e3fcec0c1381",
            "image_id": "e18e0951-d077-44f7-8842-c03cdc126023",
            "image_name": "ubuntu-20.04",
            "key_pair": "",
            "metadata": null,
            "name": "haproxy",
            "network": [
              {
                "access_network": false,
                "fixed_ip_v4": "185.189.28.7",
                "fixed_ip_v6": "[2a0a:bcc0:40::469]",
                "floating_ip": "",
                "mac": "fa:16:3e:f5:ea:47",
                "name": "public",
                "port": "",
                "uuid": "b19680b3-c00e-40f0-ad77-4448e81ae226"
              }
            ],
            "network_mode": null,
            "personality": [],
            "power_state": "active",
            "region": "sto1",
            "scheduler_hints": [],
            "security_groups": [
              "BIGPICTURE",
              "default",
              "external"
            ],
            "stop_before_destroy": false,
            "tags": [],
            "timeouts": null,
            "user_data": "6ad1c19e12fb534ad76bb767e10a87ea0549eeaa",
            "vendor_options": [],
            "volume": []
          },
          "sensitive_attributes": [],
          "private": "eyJlMmJmYjczMC1lY2FhLTExZTYtOGY4OC0zNDM2M2JjN2M0YzAiOnsiY3JlYXRlIjoxODAwMDAwMDAwMDAwLCJkZWxldGUiOjE4MDAwMDAwMDAwMDAsInVwZGF0ZSI6MTgwMDAwMDAwMDAwMH19"
        }
      ]
    },
    {
      "mode": "managed",
      "type": "random_password",
      "name": "password",
      "provider": "provider[\"registry.terraform.io/hashicorp/random\"]",
      "instances": [
        {
          "schema_version": 1,
          "attributes": {
            "bcrypt_hash": "$2a$10$UQQCN9gtTHD3.gp5LyaFm.saps/ZIWd0yO27el9BEe3bjRQdQhiLW",
            "id": "none",
            "keepers": null,
            "length": 16,
            "lower": true,
            "min_lower": 0,
            "min_numeric": 0,
            "min_special": 0,
            "min_upper": 0,
            "number": true,
            "override_special": "_%@",
            "result": "q%OT79B1r_RKK0UX",
            "special": true,
            "upper": true
          },
          "sensitive_attributes": [],
          "private": "eyJzY2hlbWFfdmVyc2lvbiI6IjEifQ=="
        }
      ]
    },
    {
      "mode": "managed",
      "type": "time_rotating",
      "name": "rsa1",
      "provider": "provider[\"registry.terraform.io/hashicorp/time\"]",
      "instances": [
        {
          "schema_version": 0,
          "attributes": {
            "day": 20,
            "hour": 13,
            "id": "2022-05-20T13:05:05Z",
            "minute": 5,
            "month": 5,
            "rfc3339": "2022-05-20T13:05:05Z",
            "rotation_days": null,
            "rotation_hours": null,
            "rotation_minutes": 5,
            "rotation_months": null,
            "rotation_rfc3339": "2022-05-20T13:10:05Z",
            "rotation_years": null,
            "second": 5,
            "triggers": null,
            "unix": 1653051905,
            "year": 2022
          },
          "sensitive_attributes": [],
          "private": "bnVsbA==",
          "create_before_destroy": true
        }
      ]
    },
    {
      "mode": "managed",
      "type": "vault_generic_endpoint",
      "name": "ssh-cert",
      "provider": "provider[\"registry.terraform.io/hashicorp/vault\"]",
      "instances": [
        {
          "schema_version": 1,
          "attributes": {
            "data_json": "{\"public_key\":\"ssh-rsa AAAAB3NzaC1yc2EAAAADAQABAAABgQChrK+mAnUX/eP97YE0J2WkXSFroGyQq0wer9rzMMw2Sgsx5dIsIv45HWT6qpu2h7LR2Axtd+BPkCKpSZh9C2np1TeU2r8jZTOeiaBFRGEp8wipZBXw41+BxxvWX+Cd6AOJvxksoHgO7QQ1x0mOZZEDVLtszSb/cHJ1YZrLJg152QcG9v8ns5GmnxwzmIHyu0361fEpSWj9IaKNEmmt0S77AK1gF8aTQcrBqjzIoF2mMjCw2Bddtn3YdOqzMiuyL2yJwN+MhkHeyyNCE6M+hUEOobMoPyLgSJN+xWfWrqOpNkj+lx+EH1wbjG7YXgSJZ6lqtL8EZvQfmLY6P9JySYgumTRJ2DU0UDkj35GdRoQCpF6Tz6icvp5rwaS6o+5Rbx0hBFOgdpSII92Niwj+fr23nymB8betzOcGHbOjIzmQgxO6PN1RWoWnbcrP+ehFMoNhDPPgt33G40zoJPIfKwO8orq+ndf90Y4vpdXtU4qx581pzZ7yV2SstefdzLVeyc8= shreyas@ubuntu-machine\\n\",\"timestamp\":1653051905}",
            "disable_delete": true,
            "disable_read": true,
            "id": "bp-ssh/sign/main",
            "ignore_absent_fields": true,
            "path": "bp-ssh/sign/main",
            "write_data": {
              "signed_key": "ssh-rsa-cert-v01@openssh.com AAAAHHNzaC1yc2EtY2VydC12MDFAb3BlbnNzaC5jb20AAAAgBVzRAwYuuGAKNpI+UKbMxyQMlh2MMtuEd5Xv/6wyCtUAAAADAQABAAABgQChrK+mAnUX/eP97YE0J2WkXSFroGyQq0wer9rzMMw2Sgsx5dIsIv45HWT6qpu2h7LR2Axtd+BPkCKpSZh9C2np1TeU2r8jZTOeiaBFRGEp8wipZBXw41+BxxvWX+Cd6AOJvxksoHgO7QQ1x0mOZZEDVLtszSb/cHJ1YZrLJg152QcG9v8ns5GmnxwzmIHyu0361fEpSWj9IaKNEmmt0S77AK1gF8aTQcrBqjzIoF2mMjCw2Bddtn3YdOqzMiuyL2yJwN+MhkHeyyNCE6M+hUEOobMoPyLgSJN+xWfWrqOpNkj+lx+EH1wbjG7YXgSJZ6lqtL8EZvQfmLY6P9JySYgumTRJ2DU0UDkj35GdRoQCpF6Tz6icvp5rwaS6o+5Rbx0hBFOgdpSII92Niwj+fr23nymB8betzOcGHbOjIzmQgxO6PN1RWoWnbcrP+ehFMoNhDPPgt33G40zoJPIfKwO8orq+ndf90Y4vpdXtU4qx581pzZ7yV2SstefdzLVeyc82H5dHhTEYnQAAAAEAAABWdmF1bHQtdG9rZW4tdGVycmFmb3JtLTAyNjVkMWJmYzllMTY2YzZjZTA1NDkxNTcyZDk2YTRmYTg4YTZkMWU4NTk3ZDI0MmJiZjc0N2IwZWFjYjEzMTQAAAAKAAAABnVidW50dQAAAABih5HkAAAAAGKHoBIAAAAAAAAAMAAAABZwZXJtaXQtcG9ydC1mb3J3YXJkaW5nAAAAAAAAAApwZXJtaXQtcHR5AAAAAAAAAAAAAAAzAAAAC3NzaC1lZDI1NTE5AAAAIBhrur6ttrQrxpEDv65u4oInPXukY3IFnCUWpF/HvcdOAAAAUwAAAAtzc2gtZWQyNTUxOQAAAEDNvhjMLVdEcDBJr20N3xs21Q/Org4uxgarouQBFX4MlrxV1um/tvbj9IsMJYzPB4FkohztNdlFHIRABf3/V4wK\n"
            },
            "write_data_json": "{\"signed_key\":\"ssh-rsa-cert-v01@openssh.com AAAAHHNzaC1yc2EtY2VydC12MDFAb3BlbnNzaC5jb20AAAAgBVzRAwYuuGAKNpI+UKbMxyQMlh2MMtuEd5Xv/6wyCtUAAAADAQABAAABgQChrK+mAnUX/eP97YE0J2WkXSFroGyQq0wer9rzMMw2Sgsx5dIsIv45HWT6qpu2h7LR2Axtd+BPkCKpSZh9C2np1TeU2r8jZTOeiaBFRGEp8wipZBXw41+BxxvWX+Cd6AOJvxksoHgO7QQ1x0mOZZEDVLtszSb/cHJ1YZrLJg152QcG9v8ns5GmnxwzmIHyu0361fEpSWj9IaKNEmmt0S77AK1gF8aTQcrBqjzIoF2mMjCw2Bddtn3YdOqzMiuyL2yJwN+MhkHeyyNCE6M+hUEOobMoPyLgSJN+xWfWrqOpNkj+lx+EH1wbjG7YXgSJZ6lqtL8EZvQfmLY6P9JySYgumTRJ2DU0UDkj35GdRoQCpF6Tz6icvp5rwaS6o+5Rbx0hBFOgdpSII92Niwj+fr23nymB8betzOcGHbOjIzmQgxO6PN1RWoWnbcrP+ehFMoNhDPPgt33G40zoJPIfKwO8orq+ndf90Y4vpdXtU4qx581pzZ7yV2SstefdzLVeyc82H5dHhTEYnQAAAAEAAABWdmF1bHQtdG9rZW4tdGVycmFmb3JtLTAyNjVkMWJmYzllMTY2YzZjZTA1NDkxNTcyZDk2YTRmYTg4YTZkMWU4NTk3ZDI0MmJiZjc0N2IwZWFjYjEzMTQAAAAKAAAABnVidW50dQAAAABih5HkAAAAAGKHoBIAAAAAAAAAMAAAABZwZXJtaXQtcG9ydC1mb3J3YXJkaW5nAAAAAAAAAApwZXJtaXQtcHR5AAAAAAAAAAAAAAAzAAAAC3NzaC1lZDI1NTE5AAAAIBhrur6ttrQrxpEDv65u4oInPXukY3IFnCUWpF/HvcdOAAAAUwAAAAtzc2gtZWQyNTUxOQAAAEDNvhjMLVdEcDBJr20N3xs21Q/Org4uxgarouQBFX4MlrxV1um/tvbj9IsMJYzPB4FkohztNdlFHIRABf3/V4wK\\n\"}",
            "write_fields": [
              "signed_key"
            ]
          },
          "sensitive_attributes": [],
          "private": "eyJzY2hlbWFfdmVyc2lvbiI6IjEifQ==",
          "dependencies": [
            "time_rotating.rsa1"
          ],
          "create_before_destroy": true
        }
      ]
    }
  ]
}
